PODS:
  - Flutter (1.0.0)
  - flutter_bicubic_resize (1.2.0):
    - Flutter
  - image_picker_ios (0.0.1):
    - Flutter

DEPENDENCIES:
  - Flutter (from `Flutter`)
  - flutter_bicubic_resize (from `.symlinks/plugins/flutter_bicubic_resize/ios`)
  - image_picker_ios (from `.symlinks/plugins/image_picker_ios/ios`)

EXTERNAL SOURCES:
  Flutter:
    :path: Flutter
  flutter_bicubic_resize:
    :path: ".symlinks/plugins/flutter_bicubic_resize/ios"
  image_picker_ios:
    :path: ".symlinks/plugins/image_picker_ios/ios"

SPEC CHECKSUMS:
  Flutter: cabc95a1d2626b1b06e7179b784ebcf0c0cde467
  flutter_bicubic_resize: b8de8f7db2f591c8e1dc4161dbadd8a1574c2cc2
  image_picker_ios: e0ece4aa2a75771a7de3fa735d26d90817041326

PODFILE CHECKSUM: e3d18f270326e21e907ac8e143062612cf17de55

COCOAPODS: 1.16.2
